
Microsoft Visual Studio Solution File, Format Version 12.00
# Visual Studio 14
VisualStudioVersion = 14.0.25420.1
MinimumVisualStudioVersion = 10.0.40219.1
Project("{2150E333-8FDC-42A3-9474-1A3956D46DE8}") = "src", "src", "{34A667C4-FE02-42C8-AF61-5D9D54525F3E}"
EndProject
Project("{2150E333-8FDC-42A3-9474-1A3956D46DE8}") = "Solution Items", "Solution Items", "{6D421EA9-4833-4080-8196-796EBD582D56}"
	ProjectSection(SolutionItems) = preProject
		global.json = global.json
	EndProjectSection
EndProject
Project("{8BB2217D-0F2D-49D1-97BC-3654ED321F3B}") = "PlayGen.SUGAR.Contracts", "src\PlayGen.SUGAR.Contracts\PlayGen.SUGAR.Contracts.xproj", "{47200EEA-3D93-40A2-B44E-852731D961A8}"
EndProject
Project("{8BB2217D-0F2D-49D1-97BC-3654ED321F3B}") = "PlayGen.SUGAR.Client", "src\PlayGen.SUGAR.Client\PlayGen.SUGAR.Client.xproj", "{6474CD30-C68A-41DD-A637-8B7833E30259}"
EndProject
Global
	GlobalSection(SolutionConfigurationPlatforms) = preSolution
		Debug|Any CPU = Debug|Any CPU
		Release|Any CPU = Release|Any CPU
		UnitTest|Any CPU = UnitTest|Any CPU
	EndGlobalSection
	GlobalSection(ProjectConfigurationPlatforms) = postSolution
		{47200EEA-3D93-40A2-B44E-852731D961A8}.Debug|Any CPU.ActiveCfg = Debug|Any CPU
		{47200EEA-3D93-40A2-B44E-852731D961A8}.Debug|Any CPU.Build.0 = Debug|Any CPU
		{47200EEA-3D93-40A2-B44E-852731D961A8}.Release|Any CPU.ActiveCfg = Release|Any CPU
		{47200EEA-3D93-40A2-B44E-852731D961A8}.Release|Any CPU.Build.0 = Release|Any CPU
		{47200EEA-3D93-40A2-B44E-852731D961A8}.UnitTest|Any CPU.ActiveCfg = UnitTest|Any CPU
		{47200EEA-3D93-40A2-B44E-852731D961A8}.UnitTest|Any CPU.Build.0 = UnitTest|Any CPU
		{6474CD30-C68A-41DD-A637-8B7833E30259}.Debug|Any CPU.ActiveCfg = Debug|Any CPU
		{6474CD30-C68A-41DD-A637-8B7833E30259}.Debug|Any CPU.Build.0 = Debug|Any CPU
		{6474CD30-C68A-41DD-A637-8B7833E30259}.Release|Any CPU.ActiveCfg = Release|Any CPU
		{6474CD30-C68A-41DD-A637-8B7833E30259}.Release|Any CPU.Build.0 = Release|Any CPU
		{6474CD30-C68A-41DD-A637-8B7833E30259}.UnitTest|Any CPU.ActiveCfg = UnitTest|Any CPU
		{6474CD30-C68A-41DD-A637-8B7833E30259}.UnitTest|Any CPU.Build.0 = UnitTest|Any CPU
	EndGlobalSection
	GlobalSection(SolutionProperties) = preSolution
		HideSolutionNode = FALSE
	EndGlobalSection
	GlobalSection(NestedProjects) = preSolution
		{47200EEA-3D93-40A2-B44E-852731D961A8} = {34A667C4-FE02-42C8-AF61-5D9D54525F3E}
		{6474CD30-C68A-41DD-A637-8B7833E30259} = {34A667C4-FE02-42C8-AF61-5D9D54525F3E}
	EndGlobalSection
EndGlobal
