
Microsoft Visual Studio Solution File, Format Version 12.00
# Visual Studio 14
VisualStudioVersion = 14.0.25123.0
MinimumVisualStudioVersion = 10.0.40219.1
Project("{2150E333-8FDC-42A3-9474-1A3956D46DE8}") = "src", "src", "{34A667C4-FE02-42C8-AF61-5D9D54525F3E}"
EndProject
Project("{2150E333-8FDC-42A3-9474-1A3956D46DE8}") = "Solution Items", "Solution Items", "{6D421EA9-4833-4080-8196-796EBD582D56}"
	ProjectSection(SolutionItems) = preProject
		global.json = global.json
	EndProjectSection
EndProject
Project("{8BB2217D-0F2D-49D1-97BC-3654ED321F3B}") = "PlayGen.SGA.Contracts", "src\PlayGen.SGA.Contracts\PlayGen.SGA.Contracts.xproj", "{47200EEA-3D93-40A2-B44E-852731D961A8}"
EndProject
Project("{8BB2217D-0F2D-49D1-97BC-3654ED321F3B}") = "PlayGen.SGA.DataModel", "src\PlayGen.SGA.DataModel\PlayGen.SGA.DataModel.xproj", "{87D5A2AB-0112-43B7-BF2D-6EE9521D802D}"
EndProject
Project("{8BB2217D-0F2D-49D1-97BC-3654ED321F3B}") = "PlayGen.SGA.DataAccess", "src\PlayGen.SGA.DataAccess\PlayGen.SGA.DataAccess.xproj", "{A5712464-72CA-4290-AD99-5E430D446AB9}"
EndProject
Project("{8BB2217D-0F2D-49D1-97BC-3654ED321F3B}") = "PlayGen.SGA.WebAPI", "src\PlayGen.SGA.WebAPI\PlayGen.SGA.WebAPI.xproj", "{8A25EAED-0DBB-4814-9EBD-8B9FFCDC45D2}"
EndProject
Project("{8BB2217D-0F2D-49D1-97BC-3654ED321F3B}") = "PlayGen.SGA.DataController", "src\PlayGen.SGA.DataController\PlayGen.SGA.DataController.xproj", "{A53A6990-9A17-47A5-B13C-00D6391DFAAD}"
EndProject
Project("{8BB2217D-0F2D-49D1-97BC-3654ED321F3B}") = "PlayGen.SGA.ClientAPI", "src\PlayGen.SGA.ClientAPI\PlayGen.SGA.ClientAPI.xproj", "{6474CD30-C68A-41DD-A637-8B7833E30259}"
EndProject
Global
	GlobalSection(SolutionConfigurationPlatforms) = preSolution
		Debug|Any CPU = Debug|Any CPU
		Release|Any CPU = Release|Any CPU
	EndGlobalSection
	GlobalSection(ProjectConfigurationPlatforms) = postSolution
		{47200EEA-3D93-40A2-B44E-852731D961A8}.Debug|Any CPU.ActiveCfg = Debug|Any CPU
		{47200EEA-3D93-40A2-B44E-852731D961A8}.Debug|Any CPU.Build.0 = Debug|Any CPU
		{47200EEA-3D93-40A2-B44E-852731D961A8}.Release|Any CPU.ActiveCfg = Release|Any CPU
		{47200EEA-3D93-40A2-B44E-852731D961A8}.Release|Any CPU.Build.0 = Release|Any CPU
		{87D5A2AB-0112-43B7-BF2D-6EE9521D802D}.Debug|Any CPU.ActiveCfg = Debug|Any CPU
		{87D5A2AB-0112-43B7-BF2D-6EE9521D802D}.Debug|Any CPU.Build.0 = Debug|Any CPU
		{87D5A2AB-0112-43B7-BF2D-6EE9521D802D}.Release|Any CPU.ActiveCfg = Release|Any CPU
		{87D5A2AB-0112-43B7-BF2D-6EE9521D802D}.Release|Any CPU.Build.0 = Release|Any CPU
		{A5712464-72CA-4290-AD99-5E430D446AB9}.Debug|Any CPU.ActiveCfg = Debug|Any CPU
		{A5712464-72CA-4290-AD99-5E430D446AB9}.Debug|Any CPU.Build.0 = Debug|Any CPU
		{A5712464-72CA-4290-AD99-5E430D446AB9}.Release|Any CPU.ActiveCfg = Release|Any CPU
		{A5712464-72CA-4290-AD99-5E430D446AB9}.Release|Any CPU.Build.0 = Release|Any CPU
		{8A25EAED-0DBB-4814-9EBD-8B9FFCDC45D2}.Debug|Any CPU.ActiveCfg = Debug|Any CPU
		{8A25EAED-0DBB-4814-9EBD-8B9FFCDC45D2}.Debug|Any CPU.Build.0 = Debug|Any CPU
		{8A25EAED-0DBB-4814-9EBD-8B9FFCDC45D2}.Release|Any CPU.ActiveCfg = Release|Any CPU
		{8A25EAED-0DBB-4814-9EBD-8B9FFCDC45D2}.Release|Any CPU.Build.0 = Release|Any CPU
		{A53A6990-9A17-47A5-B13C-00D6391DFAAD}.Debug|Any CPU.ActiveCfg = Debug|Any CPU
		{A53A6990-9A17-47A5-B13C-00D6391DFAAD}.Debug|Any CPU.Build.0 = Debug|Any CPU
		{A53A6990-9A17-47A5-B13C-00D6391DFAAD}.Release|Any CPU.ActiveCfg = Release|Any CPU
		{A53A6990-9A17-47A5-B13C-00D6391DFAAD}.Release|Any CPU.Build.0 = Release|Any CPU
		{6474CD30-C68A-41DD-A637-8B7833E30259}.Debug|Any CPU.ActiveCfg = Debug|Any CPU
		{6474CD30-C68A-41DD-A637-8B7833E30259}.Debug|Any CPU.Build.0 = Debug|Any CPU
		{6474CD30-C68A-41DD-A637-8B7833E30259}.Release|Any CPU.ActiveCfg = Release|Any CPU
		{6474CD30-C68A-41DD-A637-8B7833E30259}.Release|Any CPU.Build.0 = Release|Any CPU
	EndGlobalSection
	GlobalSection(SolutionProperties) = preSolution
		HideSolutionNode = FALSE
	EndGlobalSection
	GlobalSection(NestedProjects) = preSolution
		{47200EEA-3D93-40A2-B44E-852731D961A8} = {34A667C4-FE02-42C8-AF61-5D9D54525F3E}
		{87D5A2AB-0112-43B7-BF2D-6EE9521D802D} = {34A667C4-FE02-42C8-AF61-5D9D54525F3E}
		{A5712464-72CA-4290-AD99-5E430D446AB9} = {34A667C4-FE02-42C8-AF61-5D9D54525F3E}
		{A53A6990-9A17-47A5-B13C-00D6391DFAAD} = {34A667C4-FE02-42C8-AF61-5D9D54525F3E}
		{6474CD30-C68A-41DD-A637-8B7833E30259} = {34A667C4-FE02-42C8-AF61-5D9D54525F3E}
	EndGlobalSection
EndGlobal
