
Microsoft Visual Studio Solution File, Format Version 12.00
# Visual Studio 14
VisualStudioVersion = 14.0.25420.1
MinimumVisualStudioVersion = 10.0.40219.1
Project("{2150E333-8FDC-42A3-9474-1A3956D46DE8}") = "src", "src", "{34A667C4-FE02-42C8-AF61-5D9D54525F3E}"
EndProject
Project("{2150E333-8FDC-42A3-9474-1A3956D46DE8}") = "Solution Items", "Solution Items", "{6D421EA9-4833-4080-8196-796EBD582D56}"
	ProjectSection(SolutionItems) = preProject
		global.json = global.json
	EndProjectSection
EndProject
Project("{8BB2217D-0F2D-49D1-97BC-3654ED321F3B}") = "PlayGen.SUGAR.Contracts", "src\PlayGen.SUGAR.Contracts\PlayGen.SUGAR.Contracts.xproj", "{47200EEA-3D93-40A2-B44E-852731D961A8}"
EndProject
Project("{8BB2217D-0F2D-49D1-97BC-3654ED321F3B}") = "PlayGen.SUGAR.Data.Model", "src\PlayGen.SUGAR.Data.Model\PlayGen.SUGAR.Data.Model.xproj", "{87D5A2AB-0112-43B7-BF2D-6EE9521D802D}"
EndProject
Project("{8BB2217D-0F2D-49D1-97BC-3654ED321F3B}") = "PlayGen.SUGAR.Data.EntityFramework", "src\PlayGen.SUGAR.Data.EntityFramework\PlayGen.SUGAR.Data.EntityFramework.xproj", "{A5712464-72CA-4290-AD99-5E430D446AB9}"
EndProject
Project("{8BB2217D-0F2D-49D1-97BC-3654ED321F3B}") = "PlayGen.SUGAR.WebAPI", "src\PlayGen.SUGAR.WebAPI\PlayGen.SUGAR.WebAPI.xproj", "{8A25EAED-0DBB-4814-9EBD-8B9FFCDC45D2}"
EndProject
Project("{8BB2217D-0F2D-49D1-97BC-3654ED321F3B}") = "PlayGen.SUGAR.Client", "src\PlayGen.SUGAR.Client\PlayGen.SUGAR.Client.xproj", "{6474CD30-C68A-41DD-A637-8B7833E30259}"
EndProject
Project("{8BB2217D-0F2D-49D1-97BC-3654ED321F3B}") = "PlayGen.SUGAR.Data.EntityFramework.UnitTests", "src\PlayGen.SUGAR.Data.EntityFramework.UnitTests\PlayGen.SUGAR.Data.EntityFramework.UnitTests.xproj", "{FC676EAD-0743-4EC7-816A-E79CD4718F08}"
EndProject
Project("{8BB2217D-0F2D-49D1-97BC-3654ED321F3B}") = "PlayGen.SUGAR.ServerAuthentication", "src\PlayGen.SUGAR.ServerAuthentication\PlayGen.SUGAR.ServerAuthentication.xproj", "{DB8CE131-E7BA-47FD-B137-43574762365C}"
EndProject
Project("{8BB2217D-0F2D-49D1-97BC-3654ED321F3B}") = "PlayGen.SUGAR.WebAPI.UnitTests", "src\PlayGen.SUGAR.WebAPI.UnitTests\PlayGen.SUGAR.WebAPI.UnitTests.xproj", "{B8CAA947-18B8-40DD-9B64-33D6B95B0965}"
EndProject
Project("{8BB2217D-0F2D-49D1-97BC-3654ED321F3B}") = "PlayGen.SUGAR.GameData", "src\PlayGen.SUGAR.GameData\PlayGen.SUGAR.GameData.xproj", "{0B4E1081-D98E-445C-BCF0-45CB611315B0}"
EndProject
Project("{8BB2217D-0F2D-49D1-97BC-3654ED321F3B}") = "PlayGen.SUGAR.GameData.UnitTests", "src\PlayGen.SUGAR.GameData.UnitTests\PlayGen.SUGAR.GameData.UnitTests.xproj", "{68FEF561-CC91-4C49-95F8-6A153A383DB4}"
EndProject
Project("{8BB2217D-0F2D-49D1-97BC-3654ED321F3B}") = "PlayGen.SUGAR.Client.IntegrationTests", "src\PlayGen.SUGAR.Client.UnitTests\PlayGen.SUGAR.Client.IntegrationTests.xproj", "{DC79A706-CCE9-4766-AB99-C900544905DC}"
EndProject
Project("{8BB2217D-0F2D-49D1-97BC-3654ED321F3B}") = "PlayGen.SUGAR.Client.Unity", "src\PlayGen.SUGAR.Client.Unity\PlayGen.SUGAR.Client.Unity.xproj", "{E17FA592-1321-4B46-83F1-209EC1853871}"
EndProject
Global
	GlobalSection(SolutionConfigurationPlatforms) = preSolution
		Debug|Any CPU = Debug|Any CPU
		Release|Any CPU = Release|Any CPU
		UnitTest|Any CPU = UnitTest|Any CPU
		UnityDebug|Any CPU = UnityDebug|Any CPU
	EndGlobalSection
	GlobalSection(ProjectConfigurationPlatforms) = postSolution
		{47200EEA-3D93-40A2-B44E-852731D961A8}.Debug|Any CPU.ActiveCfg = Debug|Any CPU
		{47200EEA-3D93-40A2-B44E-852731D961A8}.Debug|Any CPU.Build.0 = Debug|Any CPU
		{47200EEA-3D93-40A2-B44E-852731D961A8}.Release|Any CPU.ActiveCfg = Release|Any CPU
		{47200EEA-3D93-40A2-B44E-852731D961A8}.Release|Any CPU.Build.0 = Release|Any CPU
		{47200EEA-3D93-40A2-B44E-852731D961A8}.UnitTest|Any CPU.ActiveCfg = UnitTest|Any CPU
		{47200EEA-3D93-40A2-B44E-852731D961A8}.UnitTest|Any CPU.Build.0 = UnitTest|Any CPU
		{47200EEA-3D93-40A2-B44E-852731D961A8}.UnityDebug|Any CPU.ActiveCfg = UnityDebug|Any CPU
		{47200EEA-3D93-40A2-B44E-852731D961A8}.UnityDebug|Any CPU.Build.0 = UnityDebug|Any CPU
		{87D5A2AB-0112-43B7-BF2D-6EE9521D802D}.Debug|Any CPU.ActiveCfg = Debug|Any CPU
		{87D5A2AB-0112-43B7-BF2D-6EE9521D802D}.Debug|Any CPU.Build.0 = Debug|Any CPU
		{87D5A2AB-0112-43B7-BF2D-6EE9521D802D}.Release|Any CPU.ActiveCfg = Release|Any CPU
		{87D5A2AB-0112-43B7-BF2D-6EE9521D802D}.Release|Any CPU.Build.0 = Release|Any CPU
		{87D5A2AB-0112-43B7-BF2D-6EE9521D802D}.UnitTest|Any CPU.ActiveCfg = UnitTest|Any CPU
		{87D5A2AB-0112-43B7-BF2D-6EE9521D802D}.UnitTest|Any CPU.Build.0 = UnitTest|Any CPU
		{87D5A2AB-0112-43B7-BF2D-6EE9521D802D}.UnityDebug|Any CPU.ActiveCfg = Debug|Any CPU
		{87D5A2AB-0112-43B7-BF2D-6EE9521D802D}.UnityDebug|Any CPU.Build.0 = Debug|Any CPU
		{A5712464-72CA-4290-AD99-5E430D446AB9}.Debug|Any CPU.ActiveCfg = Debug|Any CPU
		{A5712464-72CA-4290-AD99-5E430D446AB9}.Debug|Any CPU.Build.0 = Debug|Any CPU
		{A5712464-72CA-4290-AD99-5E430D446AB9}.Release|Any CPU.ActiveCfg = Release|Any CPU
		{A5712464-72CA-4290-AD99-5E430D446AB9}.Release|Any CPU.Build.0 = Release|Any CPU
		{A5712464-72CA-4290-AD99-5E430D446AB9}.UnitTest|Any CPU.ActiveCfg = UnitTest|Any CPU
		{A5712464-72CA-4290-AD99-5E430D446AB9}.UnitTest|Any CPU.Build.0 = UnitTest|Any CPU
		{A5712464-72CA-4290-AD99-5E430D446AB9}.UnityDebug|Any CPU.ActiveCfg = Debug|Any CPU
		{A5712464-72CA-4290-AD99-5E430D446AB9}.UnityDebug|Any CPU.Build.0 = Debug|Any CPU
		{8A25EAED-0DBB-4814-9EBD-8B9FFCDC45D2}.Debug|Any CPU.ActiveCfg = Debug|Any CPU
		{8A25EAED-0DBB-4814-9EBD-8B9FFCDC45D2}.Debug|Any CPU.Build.0 = Debug|Any CPU
		{8A25EAED-0DBB-4814-9EBD-8B9FFCDC45D2}.Release|Any CPU.ActiveCfg = Release|Any CPU
		{8A25EAED-0DBB-4814-9EBD-8B9FFCDC45D2}.Release|Any CPU.Build.0 = Release|Any CPU
		{8A25EAED-0DBB-4814-9EBD-8B9FFCDC45D2}.UnitTest|Any CPU.ActiveCfg = Release|Any CPU
		{8A25EAED-0DBB-4814-9EBD-8B9FFCDC45D2}.UnitTest|Any CPU.Build.0 = Release|Any CPU
		{8A25EAED-0DBB-4814-9EBD-8B9FFCDC45D2}.UnityDebug|Any CPU.ActiveCfg = Debug|Any CPU
		{8A25EAED-0DBB-4814-9EBD-8B9FFCDC45D2}.UnityDebug|Any CPU.Build.0 = Debug|Any CPU
		{6474CD30-C68A-41DD-A637-8B7833E30259}.Debug|Any CPU.ActiveCfg = Debug|Any CPU
		{6474CD30-C68A-41DD-A637-8B7833E30259}.Debug|Any CPU.Build.0 = Debug|Any CPU
		{6474CD30-C68A-41DD-A637-8B7833E30259}.Release|Any CPU.ActiveCfg = Release|Any CPU
		{6474CD30-C68A-41DD-A637-8B7833E30259}.Release|Any CPU.Build.0 = Release|Any CPU
		{6474CD30-C68A-41DD-A637-8B7833E30259}.UnitTest|Any CPU.ActiveCfg = UnitTest|Any CPU
		{6474CD30-C68A-41DD-A637-8B7833E30259}.UnitTest|Any CPU.Build.0 = UnitTest|Any CPU
		{6474CD30-C68A-41DD-A637-8B7833E30259}.UnityDebug|Any CPU.ActiveCfg = UnityDebug|Any CPU
		{6474CD30-C68A-41DD-A637-8B7833E30259}.UnityDebug|Any CPU.Build.0 = UnityDebug|Any CPU
		{FC676EAD-0743-4EC7-816A-E79CD4718F08}.Debug|Any CPU.ActiveCfg = Debug|Any CPU
		{FC676EAD-0743-4EC7-816A-E79CD4718F08}.Debug|Any CPU.Build.0 = Debug|Any CPU
		{FC676EAD-0743-4EC7-816A-E79CD4718F08}.Release|Any CPU.ActiveCfg = Release|Any CPU
		{FC676EAD-0743-4EC7-816A-E79CD4718F08}.Release|Any CPU.Build.0 = Release|Any CPU
		{FC676EAD-0743-4EC7-816A-E79CD4718F08}.UnitTest|Any CPU.ActiveCfg = Release|Any CPU
		{FC676EAD-0743-4EC7-816A-E79CD4718F08}.UnitTest|Any CPU.Build.0 = Release|Any CPU
		{FC676EAD-0743-4EC7-816A-E79CD4718F08}.UnityDebug|Any CPU.ActiveCfg = Debug|Any CPU
		{FC676EAD-0743-4EC7-816A-E79CD4718F08}.UnityDebug|Any CPU.Build.0 = Debug|Any CPU
		{DB8CE131-E7BA-47FD-B137-43574762365C}.Debug|Any CPU.ActiveCfg = Debug|Any CPU
		{DB8CE131-E7BA-47FD-B137-43574762365C}.Debug|Any CPU.Build.0 = Debug|Any CPU
		{DB8CE131-E7BA-47FD-B137-43574762365C}.Release|Any CPU.ActiveCfg = Release|Any CPU
		{DB8CE131-E7BA-47FD-B137-43574762365C}.Release|Any CPU.Build.0 = Release|Any CPU
		{DB8CE131-E7BA-47FD-B137-43574762365C}.UnitTest|Any CPU.ActiveCfg = UnitTest|Any CPU
		{DB8CE131-E7BA-47FD-B137-43574762365C}.UnitTest|Any CPU.Build.0 = UnitTest|Any CPU
		{DB8CE131-E7BA-47FD-B137-43574762365C}.UnityDebug|Any CPU.ActiveCfg = Debug|Any CPU
		{DB8CE131-E7BA-47FD-B137-43574762365C}.UnityDebug|Any CPU.Build.0 = Debug|Any CPU
		{B8CAA947-18B8-40DD-9B64-33D6B95B0965}.Debug|Any CPU.ActiveCfg = Debug|Any CPU
		{B8CAA947-18B8-40DD-9B64-33D6B95B0965}.Debug|Any CPU.Build.0 = Debug|Any CPU
		{B8CAA947-18B8-40DD-9B64-33D6B95B0965}.Release|Any CPU.ActiveCfg = Release|Any CPU
		{B8CAA947-18B8-40DD-9B64-33D6B95B0965}.Release|Any CPU.Build.0 = Release|Any CPU
		{B8CAA947-18B8-40DD-9B64-33D6B95B0965}.UnitTest|Any CPU.ActiveCfg = Debug|Any CPU
		{B8CAA947-18B8-40DD-9B64-33D6B95B0965}.UnitTest|Any CPU.Build.0 = Debug|Any CPU
		{B8CAA947-18B8-40DD-9B64-33D6B95B0965}.UnityDebug|Any CPU.ActiveCfg = Debug|Any CPU
		{B8CAA947-18B8-40DD-9B64-33D6B95B0965}.UnityDebug|Any CPU.Build.0 = Debug|Any CPU
		{0B4E1081-D98E-445C-BCF0-45CB611315B0}.Debug|Any CPU.ActiveCfg = Debug|Any CPU
		{0B4E1081-D98E-445C-BCF0-45CB611315B0}.Debug|Any CPU.Build.0 = Debug|Any CPU
		{0B4E1081-D98E-445C-BCF0-45CB611315B0}.Release|Any CPU.ActiveCfg = Release|Any CPU
		{0B4E1081-D98E-445C-BCF0-45CB611315B0}.Release|Any CPU.Build.0 = Release|Any CPU
		{0B4E1081-D98E-445C-BCF0-45CB611315B0}.UnitTest|Any CPU.ActiveCfg = Debug|Any CPU
		{0B4E1081-D98E-445C-BCF0-45CB611315B0}.UnitTest|Any CPU.Build.0 = Debug|Any CPU
		{0B4E1081-D98E-445C-BCF0-45CB611315B0}.UnityDebug|Any CPU.ActiveCfg = Debug|Any CPU
		{0B4E1081-D98E-445C-BCF0-45CB611315B0}.UnityDebug|Any CPU.Build.0 = Debug|Any CPU
		{68FEF561-CC91-4C49-95F8-6A153A383DB4}.Debug|Any CPU.ActiveCfg = Debug|Any CPU
		{68FEF561-CC91-4C49-95F8-6A153A383DB4}.Debug|Any CPU.Build.0 = Debug|Any CPU
		{68FEF561-CC91-4C49-95F8-6A153A383DB4}.Release|Any CPU.ActiveCfg = Release|Any CPU
		{68FEF561-CC91-4C49-95F8-6A153A383DB4}.Release|Any CPU.Build.0 = Release|Any CPU
		{68FEF561-CC91-4C49-95F8-6A153A383DB4}.UnitTest|Any CPU.ActiveCfg = Debug|Any CPU
		{68FEF561-CC91-4C49-95F8-6A153A383DB4}.UnitTest|Any CPU.Build.0 = Debug|Any CPU
		{68FEF561-CC91-4C49-95F8-6A153A383DB4}.UnityDebug|Any CPU.ActiveCfg = Debug|Any CPU
		{68FEF561-CC91-4C49-95F8-6A153A383DB4}.UnityDebug|Any CPU.Build.0 = Debug|Any CPU
		{DC79A706-CCE9-4766-AB99-C900544905DC}.Debug|Any CPU.ActiveCfg = Debug|Any CPU
		{DC79A706-CCE9-4766-AB99-C900544905DC}.Debug|Any CPU.Build.0 = Debug|Any CPU
		{DC79A706-CCE9-4766-AB99-C900544905DC}.Release|Any CPU.ActiveCfg = Release|Any CPU
		{DC79A706-CCE9-4766-AB99-C900544905DC}.Release|Any CPU.Build.0 = Release|Any CPU
		{DC79A706-CCE9-4766-AB99-C900544905DC}.UnitTest|Any CPU.ActiveCfg = Debug|Any CPU
		{DC79A706-CCE9-4766-AB99-C900544905DC}.UnitTest|Any CPU.Build.0 = Debug|Any CPU
		{DC79A706-CCE9-4766-AB99-C900544905DC}.UnityDebug|Any CPU.ActiveCfg = Debug|Any CPU
		{DC79A706-CCE9-4766-AB99-C900544905DC}.UnityDebug|Any CPU.Build.0 = Debug|Any CPU
		{E17FA592-1321-4B46-83F1-209EC1853871}.Debug|Any CPU.ActiveCfg = Debug|Any CPU
		{E17FA592-1321-4B46-83F1-209EC1853871}.Debug|Any CPU.Build.0 = Debug|Any CPU
		{E17FA592-1321-4B46-83F1-209EC1853871}.Release|Any CPU.ActiveCfg = Release|Any CPU
		{E17FA592-1321-4B46-83F1-209EC1853871}.Release|Any CPU.Build.0 = Release|Any CPU
		{E17FA592-1321-4B46-83F1-209EC1853871}.UnitTest|Any CPU.ActiveCfg = Debug|Any CPU
		{E17FA592-1321-4B46-83F1-209EC1853871}.UnitTest|Any CPU.Build.0 = Debug|Any CPU
		{E17FA592-1321-4B46-83F1-209EC1853871}.UnityDebug|Any CPU.ActiveCfg = Debug|Any CPU
		{E17FA592-1321-4B46-83F1-209EC1853871}.UnityDebug|Any CPU.Build.0 = Debug|Any CPU
	EndGlobalSection
	GlobalSection(SolutionProperties) = preSolution
		HideSolutionNode = FALSE
	EndGlobalSection
	GlobalSection(NestedProjects) = preSolution
		{47200EEA-3D93-40A2-B44E-852731D961A8} = {34A667C4-FE02-42C8-AF61-5D9D54525F3E}
		{87D5A2AB-0112-43B7-BF2D-6EE9521D802D} = {34A667C4-FE02-42C8-AF61-5D9D54525F3E}
		{A5712464-72CA-4290-AD99-5E430D446AB9} = {34A667C4-FE02-42C8-AF61-5D9D54525F3E}
		{8A25EAED-0DBB-4814-9EBD-8B9FFCDC45D2} = {34A667C4-FE02-42C8-AF61-5D9D54525F3E}
		{6474CD30-C68A-41DD-A637-8B7833E30259} = {34A667C4-FE02-42C8-AF61-5D9D54525F3E}
		{FC676EAD-0743-4EC7-816A-E79CD4718F08} = {34A667C4-FE02-42C8-AF61-5D9D54525F3E}
		{DB8CE131-E7BA-47FD-B137-43574762365C} = {34A667C4-FE02-42C8-AF61-5D9D54525F3E}
		{B8CAA947-18B8-40DD-9B64-33D6B95B0965} = {34A667C4-FE02-42C8-AF61-5D9D54525F3E}
		{0B4E1081-D98E-445C-BCF0-45CB611315B0} = {34A667C4-FE02-42C8-AF61-5D9D54525F3E}
		{68FEF561-CC91-4C49-95F8-6A153A383DB4} = {34A667C4-FE02-42C8-AF61-5D9D54525F3E}
		{DC79A706-CCE9-4766-AB99-C900544905DC} = {34A667C4-FE02-42C8-AF61-5D9D54525F3E}
		{E17FA592-1321-4B46-83F1-209EC1853871} = {34A667C4-FE02-42C8-AF61-5D9D54525F3E}
	EndGlobalSection
EndGlobal
